
Microsoft Visual Studio Solution File, Format Version 12.00
# Visual Studio Version 17
VisualStudioVersion = 17.11.35327.3
MinimumVisualStudioVersion = 10.0.40219.1
Project("{2150E333-8FDC-42A3-9474-1A3956D46DE8}") = "Task0", "Task0", "{A866DC8E-C6DF-4DE1-9B77-E32B49E75D8A}"
EndProject
Project("{9A19103F-16F7-4668-BE54-9A1E7A4F7556}") = "Tyuiu.NazarenkoVV.Sprint3.Task0.V20", "Tyuiu.NazarenkoVV.Sprint3.Task0.V20\Tyuiu.NazarenkoVV.Sprint3.Task0.V20.csproj", "{E618EA10-C7B1-4B2E-B9EE-1F0A3AA001C3}"
EndProject
Project("{9A19103F-16F7-4668-BE54-9A1E7A4F7556}") = "Tyuiu.NazarenkoVV.Sprint3.Task0.V20.Lib", "Tyuiu.NazarenkoVV.Sprint3.Task0.V20.Lib\Tyuiu.NazarenkoVV.Sprint3.Task0.V20.Lib.csproj", "{5CB9CA92-26F0-4834-83E7-2E9A13889DD5}"
EndProject
Project("{9A19103F-16F7-4668-BE54-9A1E7A4F7556}") = "Tyuiu.NazarenkoVV.Sprint3.Task0.V20.Test", "Tyuiu.NazarenkoVV.Sprint3.Task0.V20.Test\Tyuiu.NazarenkoVV.Sprint3.Task0.V20.Test.csproj", "{550E54F1-DBF8-45B9-8118-AC0AE8E87EFD}"
EndProject
Project("{2150E333-8FDC-42A3-9474-1A3956D46DE8}") = "Task1", "Task1", "{32D1C95F-8EC0-4CF9-9ED4-AB6E30DEC6AE}"
EndProject
Project("{FAE04EC0-301F-11D3-BF4B-00C04F79EFBC}") = "Tyuiu.NazarenkoVV.Sprint3.Task1.V27", "Tyuiu.NazarenkoVV.Sprint3.Task1.V27\Tyuiu.NazarenkoVV.Sprint3.Task1.V27.csproj", "{85966C19-3567-4CEB-86A1-A2EF0D17CC27}"
EndProject
Project("{FAE04EC0-301F-11D3-BF4B-00C04F79EFBC}") = "Tyuiu.NazarenkoVV.Sprint3.Task1.V27.Lib", "Tyuiu.NazarenkoVV.Sprint3.Task1.V27.Lib\Tyuiu.NazarenkoVV.Sprint3.Task1.V27.Lib.csproj", "{F06DF7D3-3B60-4388-9EB1-402645034611}"
EndProject
Project("{FAE04EC0-301F-11D3-BF4B-00C04F79EFBC}") = "Tyuiu.NazarenkoVV.Sprint3.Task1.V27.Test", "Tyuiu.NazarenkoVV.Sprint3.Task1.V27.Test\Tyuiu.NazarenkoVV.Sprint3.Task1.V27.Test.csproj", "{40D1AE57-8F3A-43DA-A3F8-7EDAE22D453C}"
EndProject
Project("{2150E333-8FDC-42A3-9474-1A3956D46DE8}") = "Task2", "Task2", "{64CEDEF5-D3DF-4789-8FAC-2D3D35A68D7F}"
EndProject
Project("{FAE04EC0-301F-11D3-BF4B-00C04F79EFBC}") = "Tyuiu.NazarenkoVV.Sprint3.Task2.V8", "Tyuiu.NazarenkoVV.Sprint3.Task2.V8\Tyuiu.NazarenkoVV.Sprint3.Task2.V8.csproj", "{88EA558D-F1FA-49E9-8520-67F63BDA3481}"
EndProject
Project("{FAE04EC0-301F-11D3-BF4B-00C04F79EFBC}") = "Tyuiu.NazarenkoVV.Sprint3.Task2.V8.Lib", "Tyuiu.NazarenkoVV.Sprint3.Task2.V8.Lib\Tyuiu.NazarenkoVV.Sprint3.Task2.V8.Lib.csproj", "{6A69B67C-52C1-4D03-A7FC-90FB9418160D}"
EndProject
Project("{FAE04EC0-301F-11D3-BF4B-00C04F79EFBC}") = "Tyuiu.NazarenkoVV.Sprint3.Task2.V8.Test", "Tyuiu.NazarenkoVV.Sprint3.Task2.V8.Test\Tyuiu.NazarenkoVV.Sprint3.Task2.V8.Test.csproj", "{2C51E6B1-94DE-4EA3-AEA2-D828FA1D4AB8}"
EndProject
Global
	GlobalSection(SolutionConfigurationPlatforms) = preSolution
		Debug|Any CPU = Debug|Any CPU
		Release|Any CPU = Release|Any CPU
	EndGlobalSection
	GlobalSection(ProjectConfigurationPlatforms) = postSolution
		{E618EA10-C7B1-4B2E-B9EE-1F0A3AA001C3}.Debug|Any CPU.ActiveCfg = Debug|Any CPU
		{E618EA10-C7B1-4B2E-B9EE-1F0A3AA001C3}.Debug|Any CPU.Build.0 = Debug|Any CPU
		{E618EA10-C7B1-4B2E-B9EE-1F0A3AA001C3}.Release|Any CPU.ActiveCfg = Release|Any CPU
		{E618EA10-C7B1-4B2E-B9EE-1F0A3AA001C3}.Release|Any CPU.Build.0 = Release|Any CPU
		{5CB9CA92-26F0-4834-83E7-2E9A13889DD5}.Debug|Any CPU.ActiveCfg = Debug|Any CPU
		{5CB9CA92-26F0-4834-83E7-2E9A13889DD5}.Debug|Any CPU.Build.0 = Debug|Any CPU
		{5CB9CA92-26F0-4834-83E7-2E9A13889DD5}.Release|Any CPU.ActiveCfg = Release|Any CPU
		{5CB9CA92-26F0-4834-83E7-2E9A13889DD5}.Release|Any CPU.Build.0 = Release|Any CPU
		{550E54F1-DBF8-45B9-8118-AC0AE8E87EFD}.Debug|Any CPU.ActiveCfg = Debug|Any CPU
		{550E54F1-DBF8-45B9-8118-AC0AE8E87EFD}.Debug|Any CPU.Build.0 = Debug|Any CPU
		{550E54F1-DBF8-45B9-8118-AC0AE8E87EFD}.Release|Any CPU.ActiveCfg = Release|Any CPU
		{550E54F1-DBF8-45B9-8118-AC0AE8E87EFD}.Release|Any CPU.Build.0 = Release|Any CPU
		{85966C19-3567-4CEB-86A1-A2EF0D17CC27}.Debug|Any CPU.ActiveCfg = Debug|Any CPU
		{85966C19-3567-4CEB-86A1-A2EF0D17CC27}.Debug|Any CPU.Build.0 = Debug|Any CPU
		{85966C19-3567-4CEB-86A1-A2EF0D17CC27}.Release|Any CPU.ActiveCfg = Release|Any CPU
		{85966C19-3567-4CEB-86A1-A2EF0D17CC27}.Release|Any CPU.Build.0 = Release|Any CPU
		{F06DF7D3-3B60-4388-9EB1-402645034611}.Debug|Any CPU.ActiveCfg = Debug|Any CPU
		{F06DF7D3-3B60-4388-9EB1-402645034611}.Debug|Any CPU.Build.0 = Debug|Any CPU
		{F06DF7D3-3B60-4388-9EB1-402645034611}.Release|Any CPU.ActiveCfg = Release|Any CPU
		{F06DF7D3-3B60-4388-9EB1-402645034611}.Release|Any CPU.Build.0 = Release|Any CPU
		{40D1AE57-8F3A-43DA-A3F8-7EDAE22D453C}.Debug|Any CPU.ActiveCfg = Debug|Any CPU
		{40D1AE57-8F3A-43DA-A3F8-7EDAE22D453C}.Debug|Any CPU.Build.0 = Debug|Any CPU
		{40D1AE57-8F3A-43DA-A3F8-7EDAE22D453C}.Release|Any CPU.ActiveCfg = Release|Any CPU
		{40D1AE57-8F3A-43DA-A3F8-7EDAE22D453C}.Release|Any CPU.Build.0 = Release|Any CPU
		{88EA558D-F1FA-49E9-8520-67F63BDA3481}.Debug|Any CPU.ActiveCfg = Debug|Any CPU
		{88EA558D-F1FA-49E9-8520-67F63BDA3481}.Debug|Any CPU.Build.0 = Debug|Any CPU
		{88EA558D-F1FA-49E9-8520-67F63BDA3481}.Release|Any CPU.ActiveCfg = Release|Any CPU
		{88EA558D-F1FA-49E9-8520-67F63BDA3481}.Release|Any CPU.Build.0 = Release|Any CPU
		{6A69B67C-52C1-4D03-A7FC-90FB9418160D}.Debug|Any CPU.ActiveCfg = Debug|Any CPU
		{6A69B67C-52C1-4D03-A7FC-90FB9418160D}.Debug|Any CPU.Build.0 = Debug|Any CPU
		{6A69B67C-52C1-4D03-A7FC-90FB9418160D}.Release|Any CPU.ActiveCfg = Release|Any CPU
		{6A69B67C-52C1-4D03-A7FC-90FB9418160D}.Release|Any CPU.Build.0 = Release|Any CPU
		{2C51E6B1-94DE-4EA3-AEA2-D828FA1D4AB8}.Debug|Any CPU.ActiveCfg = Debug|Any CPU
		{2C51E6B1-94DE-4EA3-AEA2-D828FA1D4AB8}.Debug|Any CPU.Build.0 = Debug|Any CPU
		{2C51E6B1-94DE-4EA3-AEA2-D828FA1D4AB8}.Release|Any CPU.ActiveCfg = Release|Any CPU
		{2C51E6B1-94DE-4EA3-AEA2-D828FA1D4AB8}.Release|Any CPU.Build.0 = Release|Any CPU
	EndGlobalSection
	GlobalSection(SolutionProperties) = preSolution
		HideSolutionNode = FALSE
	EndGlobalSection
	GlobalSection(NestedProjects) = preSolution
		{E618EA10-C7B1-4B2E-B9EE-1F0A3AA001C3} = {A866DC8E-C6DF-4DE1-9B77-E32B49E75D8A}
		{5CB9CA92-26F0-4834-83E7-2E9A13889DD5} = {A866DC8E-C6DF-4DE1-9B77-E32B49E75D8A}
		{550E54F1-DBF8-45B9-8118-AC0AE8E87EFD} = {A866DC8E-C6DF-4DE1-9B77-E32B49E75D8A}
		{85966C19-3567-4CEB-86A1-A2EF0D17CC27} = {32D1C95F-8EC0-4CF9-9ED4-AB6E30DEC6AE}
		{F06DF7D3-3B60-4388-9EB1-402645034611} = {32D1C95F-8EC0-4CF9-9ED4-AB6E30DEC6AE}
		{40D1AE57-8F3A-43DA-A3F8-7EDAE22D453C} = {32D1C95F-8EC0-4CF9-9ED4-AB6E30DEC6AE}
		{88EA558D-F1FA-49E9-8520-67F63BDA3481} = {64CEDEF5-D3DF-4789-8FAC-2D3D35A68D7F}
		{6A69B67C-52C1-4D03-A7FC-90FB9418160D} = {64CEDEF5-D3DF-4789-8FAC-2D3D35A68D7F}
		{2C51E6B1-94DE-4EA3-AEA2-D828FA1D4AB8} = {64CEDEF5-D3DF-4789-8FAC-2D3D35A68D7F}
	EndGlobalSection
	GlobalSection(ExtensibilityGlobals) = postSolution
		SolutionGuid = {73A6E748-FF76-4F31-8409-7441AB87EFA3}
	EndGlobalSection
EndGlobal
