
Microsoft Visual Studio Solution File, Format Version 12.00
# Visual Studio Version 17
VisualStudioVersion = 17.11.35327.3
MinimumVisualStudioVersion = 10.0.40219.1
Project("{2150E333-8FDC-42A3-9474-1A3956D46DE8}") = "Task1", "Task1", "{32D1C95F-8EC0-4CF9-9ED4-AB6E30DEC6AE}"
EndProject
Project("{9A19103F-16F7-4668-BE54-9A1E7A4F7556}") = "Tyuiu.NazarenkoVV.Sprint3.Task1.V27", "Tyuiu.NazarenkoVV.Sprint3.Task1.V27\Tyuiu.NazarenkoVV.Sprint3.Task1.V27.csproj", "{85966C19-3567-4CEB-86A1-A2EF0D17CC27}"
EndProject
Project("{9A19103F-16F7-4668-BE54-9A1E7A4F7556}") = "Tyuiu.NazarenkoVV.Sprint3.Task1.V27.Lib", "Tyuiu.NazarenkoVV.Sprint3.Task1.V27.Lib\Tyuiu.NazarenkoVV.Sprint3.Task1.V27.Lib.csproj", "{F06DF7D3-3B60-4388-9EB1-402645034611}"
EndProject
Project("{9A19103F-16F7-4668-BE54-9A1E7A4F7556}") = "Tyuiu.NazarenkoVV.Sprint3.Task1.V27.Test", "Tyuiu.NazarenkoVV.Sprint3.Task1.V27.Test\Tyuiu.NazarenkoVV.Sprint3.Task1.V27.Test.csproj", "{40D1AE57-8F3A-43DA-A3F8-7EDAE22D453C}"
EndProject
Project("{2150E333-8FDC-42A3-9474-1A3956D46DE8}") = "Task2", "Task2", "{64CEDEF5-D3DF-4789-8FAC-2D3D35A68D7F}"
EndProject
Project("{9A19103F-16F7-4668-BE54-9A1E7A4F7556}") = "Tyuiu.NazarenkoVV.Sprint3.Task2.V8", "Tyuiu.NazarenkoVV.Sprint3.Task2.V8\Tyuiu.NazarenkoVV.Sprint3.Task2.V8.csproj", "{88EA558D-F1FA-49E9-8520-67F63BDA3481}"
EndProject
Project("{9A19103F-16F7-4668-BE54-9A1E7A4F7556}") = "Tyuiu.NazarenkoVV.Sprint3.Task2.V8.Lib", "Tyuiu.NazarenkoVV.Sprint3.Task2.V8.Lib\Tyuiu.NazarenkoVV.Sprint3.Task2.V8.Lib.csproj", "{6A69B67C-52C1-4D03-A7FC-90FB9418160D}"
EndProject
Project("{9A19103F-16F7-4668-BE54-9A1E7A4F7556}") = "Tyuiu.NazarenkoVV.Sprint3.Task2.V8.Test", "Tyuiu.NazarenkoVV.Sprint3.Task2.V8.Test\Tyuiu.NazarenkoVV.Sprint3.Task2.V8.Test.csproj", "{2C51E6B1-94DE-4EA3-AEA2-D828FA1D4AB8}"
EndProject
Project("{2150E333-8FDC-42A3-9474-1A3956D46DE8}") = "Task4", "Task4", "{53EC926B-DD6A-407E-8423-4604142A6262}"
EndProject
Project("{9A19103F-16F7-4668-BE54-9A1E7A4F7556}") = "Tyuiu.NazarenkoVV.Sprint3.Task4.V7", "Tyuiu.NazarenkoVV.Sprint3.Task4.V7\Tyuiu.NazarenkoVV.Sprint3.Task4.V7.csproj", "{DF0FAC1A-81B0-4E0D-A11F-65387B7CA1D1}"
EndProject
Project("{9A19103F-16F7-4668-BE54-9A1E7A4F7556}") = "Tyuiu.NazarenkoVV.Sprint3.Task4.V7.Lib", "Tyuiu.NazarenkoVV.Sprint3.Task4.V7.Lib\Tyuiu.NazarenkoVV.Sprint3.Task4.V7.Lib.csproj", "{1AA54B86-ACB5-4874-83BE-86DD107A443B}"
EndProject
Project("{9A19103F-16F7-4668-BE54-9A1E7A4F7556}") = "Tyuiu.NazarenkoVV.Sprint3.Task4.V7.Test", "Tyuiu.NazarenkoVV.Sprint3.Task4.V7.Test\Tyuiu.NazarenkoVV.Sprint3.Task4.V7.Test.csproj", "{036749C2-86B6-47E2-84FF-C1CE3777C4E6}"
EndProject
Project("{2150E333-8FDC-42A3-9474-1A3956D46DE8}") = "Task5", "Task5", "{B10121D0-5495-409F-8D76-21D96133BAD8}"
EndProject
Project("{9A19103F-16F7-4668-BE54-9A1E7A4F7556}") = "Tyuiu.NazarenkoVV.Sprint3.Task5.V14", "Tyuiu.NazarenkoVV.Sprint3.Task5.V14\Tyuiu.NazarenkoVV.Sprint3.Task5.V14.csproj", "{A2BE36E1-D7E8-4714-92D3-519B4DEB9D74}"
EndProject
Project("{9A19103F-16F7-4668-BE54-9A1E7A4F7556}") = "Tyuiu.NazarenkoVV.Sprint3.Task5.V14.Lib", "Tyuiu.NazarenkoVV.Sprint3.Task5.V14.Lib\Tyuiu.NazarenkoVV.Sprint3.Task5.V14.Lib.csproj", "{A34B694B-4A58-4ACA-9BE1-0D0F1BA544A5}"
EndProject
Project("{9A19103F-16F7-4668-BE54-9A1E7A4F7556}") = "Tyuiu.NazarenkoVV.Sprint3.Task5.V14.Test", "Tyuiu.NazarenkoVV.Sprint3.Task5.V14.Test\Tyuiu.NazarenkoVV.Sprint3.Task5.V14.Test.csproj", "{13C40EAC-4CB8-4F7A-8A21-7CDA16DDEC24}"
EndProject
Project("{2150E333-8FDC-42A3-9474-1A3956D46DE8}") = "Task6", "Task6", "{F7FE1643-9E6C-4617-B2A9-EDA9E975923C}"
EndProject
Project("{9A19103F-16F7-4668-BE54-9A1E7A4F7556}") = "Tyuiu.NazarenkoVV.Sprint3.Task6.V2", "Tyuiu.NazarenkoVV.Sprint3.Task6.V2\Tyuiu.NazarenkoVV.Sprint3.Task6.V2.csproj", "{2C3E3A00-2474-472A-9D91-4E7C5D87DD95}"
EndProject
Project("{9A19103F-16F7-4668-BE54-9A1E7A4F7556}") = "Tyuiu.NazarenkoVV.Sprint3.Task6.V2.Lib", "Tyuiu.NazarenkoVV.Sprint3.Task6.V2.Lib\Tyuiu.NazarenkoVV.Sprint3.Task6.V2.Lib.csproj", "{4F537689-A026-4EDB-9FBA-A13D4B952ABC}"
EndProject
Project("{9A19103F-16F7-4668-BE54-9A1E7A4F7556}") = "Tyuiu.NazarenkoVV.Sprint3.Task6.V2.Test", "Tyuiu.NazarenkoVV.Sprint3.Task6.V2.Test\Tyuiu.NazarenkoVV.Sprint3.Task6.V2.Test.csproj", "{25DA3664-B90A-4B61-8B2A-4D5B879B9A76}"
EndProject
Project("{2150E333-8FDC-42A3-9474-1A3956D46DE8}") = "Task7", "Task7", "{91EE5EF1-5D81-49B8-ABE1-7C185BC3F57F}"
EndProject
Project("{9A19103F-16F7-4668-BE54-9A1E7A4F7556}") = "Tyuiu.NazarenkoVV.Sprint3.Task7.V20", "Tyuiu.NazarenkoVV.Sprint3.Task7.V20\Tyuiu.NazarenkoVV.Sprint3.Task7.V20.csproj", "{BA5D29CC-7111-4732-8132-BDC674D9E0E8}"
EndProject
Project("{9A19103F-16F7-4668-BE54-9A1E7A4F7556}") = "Tyuiu.NazarenkoVV.Sprint3.Task7.V20.Lib", "Tyuiu.NazarenkoVV.Sprint3.Task7.V20.Lib\Tyuiu.NazarenkoVV.Sprint3.Task7.V20.Lib.csproj", "{A83DA9D5-BADC-4D67-AA1B-63A0846628E0}"
EndProject
Project("{9A19103F-16F7-4668-BE54-9A1E7A4F7556}") = "Tyuiu.NazarenkoVV.Sprint3.Task7.V20.Test", "Tyuiu.NazarenkoVV.Sprint3.Task7.V20.Test\Tyuiu.NazarenkoVV.Sprint3.Task7.V20.Test.csproj", "{BA110278-44DF-4FD2-8478-6949B067849B}"
EndProject
Project("{2150E333-8FDC-42A3-9474-1A3956D46DE8}") = "Task0", "Task0", "{B456C13E-C2F6-4E3E-BB8A-81AC7212AB0F}"
EndProject
Project("{FAE04EC0-301F-11D3-BF4B-00C04F79EFBC}") = "Tyuiu.NazarenkoVV.Sprint3.Task0.V2", "Tyuiu.NazarenkoVV.Sprint3.Task0.V2\Tyuiu.NazarenkoVV.Sprint3.Task0.V2.csproj", "{9AAEF4C3-84DA-431F-BD40-75371960ED6D}"
EndProject
Project("{FAE04EC0-301F-11D3-BF4B-00C04F79EFBC}") = "Tyuiu.NazarenkoVV.Sprint3.Task0.V2.Lib", "Tyuiu.NazarenkoVV.Sprint3.Task0.V2.Lib\Tyuiu.NazarenkoVV.Sprint3.Task0.V2.Lib.csproj", "{D80CF9B8-E9BA-4116-8CD5-FB06EEE8C2F4}"
EndProject
Project("{FAE04EC0-301F-11D3-BF4B-00C04F79EFBC}") = "Tyuiu.NazarenkoVV.Sprint3.Task0.V2.Test", "Tyuiu.NazarenkoVV.Sprint3.Task0.V2.Test\Tyuiu.NazarenkoVV.Sprint3.Task0.V2.Test.csproj", "{B2DDE20D-8246-4A76-99CF-4EAF9437A483}"
EndProject
Project("{2150E333-8FDC-42A3-9474-1A3956D46DE8}") = "Task3", "Task3", "{A5BA20FE-8F54-4563-890B-5F9FE1C3E587}"
EndProject
Project("{FAE04EC0-301F-11D3-BF4B-00C04F79EFBC}") = "Tyuiu.NazarenkoVV.Sprint3.Task3.V1", "Tyuiu.NazarenkoVV.Sprint3.Task3.V1\Tyuiu.NazarenkoVV.Sprint3.Task3.V1.csproj", "{48960323-F43D-4FBC-A7F1-D115ED6F9A86}"
EndProject
Project("{FAE04EC0-301F-11D3-BF4B-00C04F79EFBC}") = "Tyuiu.NazarenkoVV.Sprint3.Task3.V1.Lib", "Tyuiu.NazarenkoVV.Sprint3.Task3.V1.Lib\Tyuiu.NazarenkoVV.Sprint3.Task3.V1.Lib.csproj", "{E49E8AEC-6AEF-4602-B448-A8AD0CC9EF68}"
EndProject
Project("{FAE04EC0-301F-11D3-BF4B-00C04F79EFBC}") = "Tyuiu.NazarenkoVV.Sprint3.Task3.V1.Test", "Tyuiu.NazarenkoVV.Sprint3.Task3.V1.Test\Tyuiu.NazarenkoVV.Sprint3.Task3.V1.Test.csproj", "{7EFFC7E6-286C-483A-BB65-9861741D8850}"
EndProject
Global
	GlobalSection(SolutionConfigurationPlatforms) = preSolution
		Debug|Any CPU = Debug|Any CPU
		Release|Any CPU = Release|Any CPU
	EndGlobalSection
	GlobalSection(ProjectConfigurationPlatforms) = postSolution
		{85966C19-3567-4CEB-86A1-A2EF0D17CC27}.Debug|Any CPU.ActiveCfg = Debug|Any CPU
		{85966C19-3567-4CEB-86A1-A2EF0D17CC27}.Debug|Any CPU.Build.0 = Debug|Any CPU
		{85966C19-3567-4CEB-86A1-A2EF0D17CC27}.Release|Any CPU.ActiveCfg = Release|Any CPU
		{85966C19-3567-4CEB-86A1-A2EF0D17CC27}.Release|Any CPU.Build.0 = Release|Any CPU
		{F06DF7D3-3B60-4388-9EB1-402645034611}.Debug|Any CPU.ActiveCfg = Debug|Any CPU
		{F06DF7D3-3B60-4388-9EB1-402645034611}.Debug|Any CPU.Build.0 = Debug|Any CPU
		{F06DF7D3-3B60-4388-9EB1-402645034611}.Release|Any CPU.ActiveCfg = Release|Any CPU
		{F06DF7D3-3B60-4388-9EB1-402645034611}.Release|Any CPU.Build.0 = Release|Any CPU
		{40D1AE57-8F3A-43DA-A3F8-7EDAE22D453C}.Debug|Any CPU.ActiveCfg = Debug|Any CPU
		{40D1AE57-8F3A-43DA-A3F8-7EDAE22D453C}.Debug|Any CPU.Build.0 = Debug|Any CPU
		{40D1AE57-8F3A-43DA-A3F8-7EDAE22D453C}.Release|Any CPU.ActiveCfg = Release|Any CPU
		{40D1AE57-8F3A-43DA-A3F8-7EDAE22D453C}.Release|Any CPU.Build.0 = Release|Any CPU
		{88EA558D-F1FA-49E9-8520-67F63BDA3481}.Debug|Any CPU.ActiveCfg = Debug|Any CPU
		{88EA558D-F1FA-49E9-8520-67F63BDA3481}.Debug|Any CPU.Build.0 = Debug|Any CPU
		{88EA558D-F1FA-49E9-8520-67F63BDA3481}.Release|Any CPU.ActiveCfg = Release|Any CPU
		{88EA558D-F1FA-49E9-8520-67F63BDA3481}.Release|Any CPU.Build.0 = Release|Any CPU
		{6A69B67C-52C1-4D03-A7FC-90FB9418160D}.Debug|Any CPU.ActiveCfg = Debug|Any CPU
		{6A69B67C-52C1-4D03-A7FC-90FB9418160D}.Debug|Any CPU.Build.0 = Debug|Any CPU
		{6A69B67C-52C1-4D03-A7FC-90FB9418160D}.Release|Any CPU.ActiveCfg = Release|Any CPU
		{6A69B67C-52C1-4D03-A7FC-90FB9418160D}.Release|Any CPU.Build.0 = Release|Any CPU
		{2C51E6B1-94DE-4EA3-AEA2-D828FA1D4AB8}.Debug|Any CPU.ActiveCfg = Debug|Any CPU
		{2C51E6B1-94DE-4EA3-AEA2-D828FA1D4AB8}.Debug|Any CPU.Build.0 = Debug|Any CPU
		{2C51E6B1-94DE-4EA3-AEA2-D828FA1D4AB8}.Release|Any CPU.ActiveCfg = Release|Any CPU
		{2C51E6B1-94DE-4EA3-AEA2-D828FA1D4AB8}.Release|Any CPU.Build.0 = Release|Any CPU
		{DF0FAC1A-81B0-4E0D-A11F-65387B7CA1D1}.Debug|Any CPU.ActiveCfg = Debug|Any CPU
		{DF0FAC1A-81B0-4E0D-A11F-65387B7CA1D1}.Debug|Any CPU.Build.0 = Debug|Any CPU
		{DF0FAC1A-81B0-4E0D-A11F-65387B7CA1D1}.Release|Any CPU.ActiveCfg = Release|Any CPU
		{DF0FAC1A-81B0-4E0D-A11F-65387B7CA1D1}.Release|Any CPU.Build.0 = Release|Any CPU
		{1AA54B86-ACB5-4874-83BE-86DD107A443B}.Debug|Any CPU.ActiveCfg = Debug|Any CPU
		{1AA54B86-ACB5-4874-83BE-86DD107A443B}.Debug|Any CPU.Build.0 = Debug|Any CPU
		{1AA54B86-ACB5-4874-83BE-86DD107A443B}.Release|Any CPU.ActiveCfg = Release|Any CPU
		{1AA54B86-ACB5-4874-83BE-86DD107A443B}.Release|Any CPU.Build.0 = Release|Any CPU
		{036749C2-86B6-47E2-84FF-C1CE3777C4E6}.Debug|Any CPU.ActiveCfg = Debug|Any CPU
		{036749C2-86B6-47E2-84FF-C1CE3777C4E6}.Debug|Any CPU.Build.0 = Debug|Any CPU
		{036749C2-86B6-47E2-84FF-C1CE3777C4E6}.Release|Any CPU.ActiveCfg = Release|Any CPU
		{036749C2-86B6-47E2-84FF-C1CE3777C4E6}.Release|Any CPU.Build.0 = Release|Any CPU
		{A2BE36E1-D7E8-4714-92D3-519B4DEB9D74}.Debug|Any CPU.ActiveCfg = Debug|Any CPU
		{A2BE36E1-D7E8-4714-92D3-519B4DEB9D74}.Debug|Any CPU.Build.0 = Debug|Any CPU
		{A2BE36E1-D7E8-4714-92D3-519B4DEB9D74}.Release|Any CPU.ActiveCfg = Release|Any CPU
		{A2BE36E1-D7E8-4714-92D3-519B4DEB9D74}.Release|Any CPU.Build.0 = Release|Any CPU
		{A34B694B-4A58-4ACA-9BE1-0D0F1BA544A5}.Debug|Any CPU.ActiveCfg = Debug|Any CPU
		{A34B694B-4A58-4ACA-9BE1-0D0F1BA544A5}.Debug|Any CPU.Build.0 = Debug|Any CPU
		{A34B694B-4A58-4ACA-9BE1-0D0F1BA544A5}.Release|Any CPU.ActiveCfg = Release|Any CPU
		{A34B694B-4A58-4ACA-9BE1-0D0F1BA544A5}.Release|Any CPU.Build.0 = Release|Any CPU
		{13C40EAC-4CB8-4F7A-8A21-7CDA16DDEC24}.Debug|Any CPU.ActiveCfg = Debug|Any CPU
		{13C40EAC-4CB8-4F7A-8A21-7CDA16DDEC24}.Debug|Any CPU.Build.0 = Debug|Any CPU
		{13C40EAC-4CB8-4F7A-8A21-7CDA16DDEC24}.Release|Any CPU.ActiveCfg = Release|Any CPU
		{13C40EAC-4CB8-4F7A-8A21-7CDA16DDEC24}.Release|Any CPU.Build.0 = Release|Any CPU
		{2C3E3A00-2474-472A-9D91-4E7C5D87DD95}.Debug|Any CPU.ActiveCfg = Debug|Any CPU
		{2C3E3A00-2474-472A-9D91-4E7C5D87DD95}.Debug|Any CPU.Build.0 = Debug|Any CPU
		{2C3E3A00-2474-472A-9D91-4E7C5D87DD95}.Release|Any CPU.ActiveCfg = Release|Any CPU
		{2C3E3A00-2474-472A-9D91-4E7C5D87DD95}.Release|Any CPU.Build.0 = Release|Any CPU
		{4F537689-A026-4EDB-9FBA-A13D4B952ABC}.Debug|Any CPU.ActiveCfg = Debug|Any CPU
		{4F537689-A026-4EDB-9FBA-A13D4B952ABC}.Debug|Any CPU.Build.0 = Debug|Any CPU
		{4F537689-A026-4EDB-9FBA-A13D4B952ABC}.Release|Any CPU.ActiveCfg = Release|Any CPU
		{4F537689-A026-4EDB-9FBA-A13D4B952ABC}.Release|Any CPU.Build.0 = Release|Any CPU
		{25DA3664-B90A-4B61-8B2A-4D5B879B9A76}.Debug|Any CPU.ActiveCfg = Debug|Any CPU
		{25DA3664-B90A-4B61-8B2A-4D5B879B9A76}.Debug|Any CPU.Build.0 = Debug|Any CPU
		{25DA3664-B90A-4B61-8B2A-4D5B879B9A76}.Release|Any CPU.ActiveCfg = Release|Any CPU
		{25DA3664-B90A-4B61-8B2A-4D5B879B9A76}.Release|Any CPU.Build.0 = Release|Any CPU
		{BA5D29CC-7111-4732-8132-BDC674D9E0E8}.Debug|Any CPU.ActiveCfg = Debug|Any CPU
		{BA5D29CC-7111-4732-8132-BDC674D9E0E8}.Debug|Any CPU.Build.0 = Debug|Any CPU
		{BA5D29CC-7111-4732-8132-BDC674D9E0E8}.Release|Any CPU.ActiveCfg = Release|Any CPU
		{BA5D29CC-7111-4732-8132-BDC674D9E0E8}.Release|Any CPU.Build.0 = Release|Any CPU
		{A83DA9D5-BADC-4D67-AA1B-63A0846628E0}.Debug|Any CPU.ActiveCfg = Debug|Any CPU
		{A83DA9D5-BADC-4D67-AA1B-63A0846628E0}.Debug|Any CPU.Build.0 = Debug|Any CPU
		{A83DA9D5-BADC-4D67-AA1B-63A0846628E0}.Release|Any CPU.ActiveCfg = Release|Any CPU
		{A83DA9D5-BADC-4D67-AA1B-63A0846628E0}.Release|Any CPU.Build.0 = Release|Any CPU
		{BA110278-44DF-4FD2-8478-6949B067849B}.Debug|Any CPU.ActiveCfg = Debug|Any CPU
		{BA110278-44DF-4FD2-8478-6949B067849B}.Debug|Any CPU.Build.0 = Debug|Any CPU
		{BA110278-44DF-4FD2-8478-6949B067849B}.Release|Any CPU.ActiveCfg = Release|Any CPU
		{BA110278-44DF-4FD2-8478-6949B067849B}.Release|Any CPU.Build.0 = Release|Any CPU
		{9AAEF4C3-84DA-431F-BD40-75371960ED6D}.Debug|Any CPU.ActiveCfg = Debug|Any CPU
		{9AAEF4C3-84DA-431F-BD40-75371960ED6D}.Debug|Any CPU.Build.0 = Debug|Any CPU
		{9AAEF4C3-84DA-431F-BD40-75371960ED6D}.Release|Any CPU.ActiveCfg = Release|Any CPU
		{9AAEF4C3-84DA-431F-BD40-75371960ED6D}.Release|Any CPU.Build.0 = Release|Any CPU
		{D80CF9B8-E9BA-4116-8CD5-FB06EEE8C2F4}.Debug|Any CPU.ActiveCfg = Debug|Any CPU
		{D80CF9B8-E9BA-4116-8CD5-FB06EEE8C2F4}.Debug|Any CPU.Build.0 = Debug|Any CPU
		{D80CF9B8-E9BA-4116-8CD5-FB06EEE8C2F4}.Release|Any CPU.ActiveCfg = Release|Any CPU
		{D80CF9B8-E9BA-4116-8CD5-FB06EEE8C2F4}.Release|Any CPU.Build.0 = Release|Any CPU
		{B2DDE20D-8246-4A76-99CF-4EAF9437A483}.Debug|Any CPU.ActiveCfg = Debug|Any CPU
		{B2DDE20D-8246-4A76-99CF-4EAF9437A483}.Debug|Any CPU.Build.0 = Debug|Any CPU
		{B2DDE20D-8246-4A76-99CF-4EAF9437A483}.Release|Any CPU.ActiveCfg = Release|Any CPU
		{B2DDE20D-8246-4A76-99CF-4EAF9437A483}.Release|Any CPU.Build.0 = Release|Any CPU
		{48960323-F43D-4FBC-A7F1-D115ED6F9A86}.Debug|Any CPU.ActiveCfg = Debug|Any CPU
		{48960323-F43D-4FBC-A7F1-D115ED6F9A86}.Debug|Any CPU.Build.0 = Debug|Any CPU
		{48960323-F43D-4FBC-A7F1-D115ED6F9A86}.Release|Any CPU.ActiveCfg = Release|Any CPU
		{48960323-F43D-4FBC-A7F1-D115ED6F9A86}.Release|Any CPU.Build.0 = Release|Any CPU
		{E49E8AEC-6AEF-4602-B448-A8AD0CC9EF68}.Debug|Any CPU.ActiveCfg = Debug|Any CPU
		{E49E8AEC-6AEF-4602-B448-A8AD0CC9EF68}.Debug|Any CPU.Build.0 = Debug|Any CPU
		{E49E8AEC-6AEF-4602-B448-A8AD0CC9EF68}.Release|Any CPU.ActiveCfg = Release|Any CPU
		{E49E8AEC-6AEF-4602-B448-A8AD0CC9EF68}.Release|Any CPU.Build.0 = Release|Any CPU
		{7EFFC7E6-286C-483A-BB65-9861741D8850}.Debug|Any CPU.ActiveCfg = Debug|Any CPU
		{7EFFC7E6-286C-483A-BB65-9861741D8850}.Debug|Any CPU.Build.0 = Debug|Any CPU
		{7EFFC7E6-286C-483A-BB65-9861741D8850}.Release|Any CPU.ActiveCfg = Release|Any CPU
		{7EFFC7E6-286C-483A-BB65-9861741D8850}.Release|Any CPU.Build.0 = Release|Any CPU
	EndGlobalSection
	GlobalSection(SolutionProperties) = preSolution
		HideSolutionNode = FALSE
	EndGlobalSection
	GlobalSection(NestedProjects) = preSolution
		{85966C19-3567-4CEB-86A1-A2EF0D17CC27} = {32D1C95F-8EC0-4CF9-9ED4-AB6E30DEC6AE}
		{F06DF7D3-3B60-4388-9EB1-402645034611} = {32D1C95F-8EC0-4CF9-9ED4-AB6E30DEC6AE}
		{40D1AE57-8F3A-43DA-A3F8-7EDAE22D453C} = {32D1C95F-8EC0-4CF9-9ED4-AB6E30DEC6AE}
		{88EA558D-F1FA-49E9-8520-67F63BDA3481} = {64CEDEF5-D3DF-4789-8FAC-2D3D35A68D7F}
		{6A69B67C-52C1-4D03-A7FC-90FB9418160D} = {64CEDEF5-D3DF-4789-8FAC-2D3D35A68D7F}
		{2C51E6B1-94DE-4EA3-AEA2-D828FA1D4AB8} = {64CEDEF5-D3DF-4789-8FAC-2D3D35A68D7F}
		{DF0FAC1A-81B0-4E0D-A11F-65387B7CA1D1} = {53EC926B-DD6A-407E-8423-4604142A6262}
		{1AA54B86-ACB5-4874-83BE-86DD107A443B} = {53EC926B-DD6A-407E-8423-4604142A6262}
		{036749C2-86B6-47E2-84FF-C1CE3777C4E6} = {53EC926B-DD6A-407E-8423-4604142A6262}
		{A2BE36E1-D7E8-4714-92D3-519B4DEB9D74} = {B10121D0-5495-409F-8D76-21D96133BAD8}
		{A34B694B-4A58-4ACA-9BE1-0D0F1BA544A5} = {B10121D0-5495-409F-8D76-21D96133BAD8}
		{13C40EAC-4CB8-4F7A-8A21-7CDA16DDEC24} = {B10121D0-5495-409F-8D76-21D96133BAD8}
		{2C3E3A00-2474-472A-9D91-4E7C5D87DD95} = {F7FE1643-9E6C-4617-B2A9-EDA9E975923C}
		{4F537689-A026-4EDB-9FBA-A13D4B952ABC} = {F7FE1643-9E6C-4617-B2A9-EDA9E975923C}
		{25DA3664-B90A-4B61-8B2A-4D5B879B9A76} = {F7FE1643-9E6C-4617-B2A9-EDA9E975923C}
		{BA5D29CC-7111-4732-8132-BDC674D9E0E8} = {91EE5EF1-5D81-49B8-ABE1-7C185BC3F57F}
		{A83DA9D5-BADC-4D67-AA1B-63A0846628E0} = {91EE5EF1-5D81-49B8-ABE1-7C185BC3F57F}
		{BA110278-44DF-4FD2-8478-6949B067849B} = {91EE5EF1-5D81-49B8-ABE1-7C185BC3F57F}
		{9AAEF4C3-84DA-431F-BD40-75371960ED6D} = {B456C13E-C2F6-4E3E-BB8A-81AC7212AB0F}
		{D80CF9B8-E9BA-4116-8CD5-FB06EEE8C2F4} = {B456C13E-C2F6-4E3E-BB8A-81AC7212AB0F}
		{B2DDE20D-8246-4A76-99CF-4EAF9437A483} = {B456C13E-C2F6-4E3E-BB8A-81AC7212AB0F}
		{48960323-F43D-4FBC-A7F1-D115ED6F9A86} = {A5BA20FE-8F54-4563-890B-5F9FE1C3E587}
		{E49E8AEC-6AEF-4602-B448-A8AD0CC9EF68} = {A5BA20FE-8F54-4563-890B-5F9FE1C3E587}
		{7EFFC7E6-286C-483A-BB65-9861741D8850} = {A5BA20FE-8F54-4563-890B-5F9FE1C3E587}
	EndGlobalSection
	GlobalSection(ExtensibilityGlobals) = postSolution
		SolutionGuid = {73A6E748-FF76-4F31-8409-7441AB87EFA3}
	EndGlobalSection
EndGlobal
